
Microsoft Visual Studio Solution File, Format Version 12.00
# Visual Studio Version 17
VisualStudioVersion = 17.14.36408.4
MinimumVisualStudioVersion = 10.0.40219.1
Project("{FAE04EC0-301F-11D3-BF4B-00C04F79EFBC}") = "IA_V3.Api", "IA_V2.Api\IA_V3.Api.csproj", "{E56669C0-76AB-4AA8-8D53-9AF9548E7789}"
EndProject
Project("{FAE04EC0-301F-11D3-BF4B-00C04F79EFBC}") = "IA_V3.Core", "IA_V2.Core\IA_V3.Core.csproj", "{F77DB0D8-7534-4C6C-A2B6-FED249287D39}"
EndProject
Project("{FAE04EC0-301F-11D3-BF4B-00C04F79EFBC}") = "IA_V3.Infrastructure", "IA_V2.Infrastructure\IA_V3.Infrastructure.csproj", "{9A9A061D-6703-4E01-B990-343FE6A4BA9D}"
EndProject
Global
	GlobalSection(SolutionConfigurationPlatforms) = preSolution
		Debug|Any CPU = Debug|Any CPU
		Release|Any CPU = Release|Any CPU
	EndGlobalSection
	GlobalSection(ProjectConfigurationPlatforms) = postSolution
		{E56669C0-76AB-4AA8-8D53-9AF9548E7789}.Debug|Any CPU.ActiveCfg = Debug|Any CPU
		{E56669C0-76AB-4AA8-8D53-9AF9548E7789}.Debug|Any CPU.Build.0 = Debug|Any CPU
		{E56669C0-76AB-4AA8-8D53-9AF9548E7789}.Release|Any CPU.ActiveCfg = Release|Any CPU
		{E56669C0-76AB-4AA8-8D53-9AF9548E7789}.Release|Any CPU.Build.0 = Release|Any CPU
		{F77DB0D8-7534-4C6C-A2B6-FED249287D39}.Debug|Any CPU.ActiveCfg = Debug|Any CPU
		{F77DB0D8-7534-4C6C-A2B6-FED249287D39}.Debug|Any CPU.Build.0 = Debug|Any CPU
		{F77DB0D8-7534-4C6C-A2B6-FED249287D39}.Release|Any CPU.ActiveCfg = Release|Any CPU
		{F77DB0D8-7534-4C6C-A2B6-FED249287D39}.Release|Any CPU.Build.0 = Release|Any CPU
		{9A9A061D-6703-4E01-B990-343FE6A4BA9D}.Debug|Any CPU.ActiveCfg = Debug|Any CPU
		{9A9A061D-6703-4E01-B990-343FE6A4BA9D}.Debug|Any CPU.Build.0 = Debug|Any CPU
		{9A9A061D-6703-4E01-B990-343FE6A4BA9D}.Release|Any CPU.ActiveCfg = Release|Any CPU
		{9A9A061D-6703-4E01-B990-343FE6A4BA9D}.Release|Any CPU.Build.0 = Release|Any CPU
	EndGlobalSection
	GlobalSection(SolutionProperties) = preSolution
		HideSolutionNode = FALSE
	EndGlobalSection
	GlobalSection(ExtensibilityGlobals) = postSolution
		SolutionGuid = {EA16EA83-9EF2-49A5-BD6E-1C0E9CE46B64}
	EndGlobalSection
EndGlobal
